// !$*UTF8*$!
{
	archiveVersion = 1;
	classes = {
	};
	objectVersion = 46;
	objects = {

/* Begin PBXBuildFile section */
		2F0752431D2ADE0B00F01DAF /* main.m in Sources */ = {isa = PBXBuildFile; fileRef = 2F0752421D2ADE0B00F01DAF /* main.m */; };
		2F0752461D2ADE0B00F01DAF /* AppDelegate.m in Sources */ = {isa = PBXBuildFile; fileRef = 2F0752451D2ADE0B00F01DAF /* AppDelegate.m */; };
		2F0752491D2ADE0B00F01DAF /* ViewController.m in Sources */ = {isa = PBXBuildFile; fileRef = 2F0752481D2ADE0B00F01DAF /* ViewController.m */; };
		2F07524C1D2ADE0B00F01DAF /* Main.storyboard in Resources */ = {isa = PBXBuildFile; fileRef = 2F07524A1D2ADE0B00F01DAF /* Main.storyboard */; };
		2F07524E1D2ADE0B00F01DAF /* Assets.xcassets in Resources */ = {isa = PBXBuildFile; fileRef = 2F07524D1D2ADE0B00F01DAF /* Assets.xcassets */; };
		2F0752511D2ADE0B00F01DAF /* LaunchScreen.storyboard in Resources */ = {isa = PBXBuildFile; fileRef = 2F07524F1D2ADE0B00F01DAF /* LaunchScreen.storyboard */; };
		2F07525A1D2ADE5800F01DAF /* MapKit.framework in Frameworks */ = {isa = PBXBuildFile; fileRef = 2F0752591D2ADE5800F01DAF /* MapKit.framework */; };
/* End PBXBuildFile section */

/* Begin PBXFileReference section */
		2F07523E1D2ADE0B00F01DAF /* Demo2.app */ = {isa = PBXFileReference; explicitFileType = wrapper.application; includeInIndex = 0; path = Demo2.app; sourceTree = BUILT_PRODUCTS_DIR; };
		2F0752421D2ADE0B00F01DAF /* main.m */ = {isa = PBXFileReference; lastKnownFileType = sourcecode.c.objc; path = main.m; sourceTree = "<group>"; };
		2F0752441D2ADE0B00F01DAF /* AppDelegate.h */ = {isa = PBXFileReference; lastKnownFileType = sourcecode.c.h; path = AppDelegate.h; sourceTree = "<group>"; };
		2F0752451D2ADE0B00F01DAF /* AppDelegate.m */ = {isa = PBXFileReference; lastKnownFileType = sourcecode.c.objc; path = AppDelegate.m; sourceTree = "<group>"; };
		2F0752471D2ADE0B00F01DAF /* ViewController.h */ = {isa = PBXFileReference; lastKnownFileType = sourcecode.c.h; path = ViewController.h; sourceTree = "<group>"; };
		2F0752481D2ADE0B00F01DAF /* ViewController.m */ = {isa = PBXFileReference; lastKnownFileType = sourcecode.c.objc; path = ViewController.m; sourceTree = "<group>"; };
		2F07524B1D2ADE0B00F01DAF /* Base */ = {isa = PBXFileReference; lastKnownFileType = file.storyboard; name = Base; path = Base.lproj/Main.storyboard; sourceTree = "<group>"; };
		2F07524D1D2ADE0B00F01DAF /* Assets.xcassets */ = {isa = PBXFileReference; lastKnownFileType = folder.assetcatalog; path = Assets.xcassets; sourceTree = "<group>"; };
		2F0752501D2ADE0B00F01DAF /* Base */ = {isa = PBXFileReference; lastKnownFileType = file.storyboard; name = Base; path = Base.lproj/LaunchScreen.storyboard; sourceTree = "<group>"; };
		2F0752521D2ADE0B00F01DAF /* Info.plist */ = {isa = PBXFileReference; lastKnownFileType = text.plist.xml; path = Info.plist; sourceTree = "<group>"; };
		2F0752591D2ADE5800F01DAF /* MapKit.framework */ = {isa = PBXFileReference; lastKnownFileType = wrapper.framework; name = MapKit.framework; path = System/Library/Frameworks/MapKit.framework; sourceTree = SDKROOT; };
/* End PBXFileReference section */

/* Begin PBXFrameworksBuildPhase section */
		2F07523B1D2ADE0B00F01DAF /* Frameworks */ = {
			isa = PBXFrameworksBuildPhase;
			buildActionMask = 2147483647;
			files = (
				2F07525A1D2ADE5800F01DAF /* MapKit.framework in Frameworks */,
			);
			runOnlyForDeploymentPostprocessing = 0;
		};
/* End PBXFrameworksBuildPhase section */

/* Begin PBXGroup section */
		2F0752351D2ADE0B00F01DAF = {
			isa = PBXGroup;
			children = (
				2F0752401D2ADE0B00F01DAF /* Demo2 */,
				2F07523F1D2ADE0B00F01DAF /* Products */,
				2F0752581D2ADE5800F01DAF /* Frameworks */,
			);
			sourceTree = "<group>";
		};
		2F07523F1D2ADE0B00F01DAF /* Products */ = {
			isa = PBXGroup;
			children = (
				2F07523E1D2ADE0B00F01DAF /* Demo2.app */,
			);
			name = Products;
			sourceTree = "<group>";
		};
		2F0752401D2ADE0B00F01DAF /* Demo2 */ = {
			isa = PBXGroup;
			children = (
				2F0752441D2ADE0B00F01DAF /* AppDelegate.h */,
				2F0752451D2ADE0B00F01DAF /* AppDelegate.m */,
				2F0752471D2ADE0B00F01DAF /* ViewController.h */,
				2F0752481D2ADE0B00F01DAF /* ViewController.m */,
				2F07524A1D2ADE0B00F01DAF /* Main.storyboard */,
				2F07524D1D2ADE0B00F01DAF /* Assets.xcassets */,
				2F07524F1D2ADE0B00F01DAF /* LaunchScreen.storyboard */,
				2F0752521D2ADE0B00F01DAF /* Info.plist */,
				2F0752411D2ADE0B00F01DAF /* Supporting Files */,
			);
			path = Demo2;
			sourceTree = "<group>";
		};
		2F0752411D2ADE0B00F01DAF /* Supporting Files */ = {
			isa = PBXGroup;
			children = (
				2F0752421D2ADE0B00F01DAF /* main.m */,
			);
			name = "Supporting Files";
			sourceTree = "<group>";
		};
		2F0752581D2ADE5800F01DAF /* Frameworks */ = {
			isa = PBXGroup;
			children = (
				2F0752591D2ADE5800F01DAF /* MapKit.framework */,
			);
			name = Frameworks;
			sourceTree = "<group>";
		};
/* End PBXGroup section */

/* Begin PBXNativeTarget section */
		2F07523D1D2ADE0B00F01DAF /* Demo2 */ = {
			isa = PBXNativeTarget;
			buildConfigurationList = 2F0752551D2ADE0B00F01DAF /* Build configuration list for PBXNativeTarget "Demo2" */;
			buildPhases = (
				2F07523A1D2ADE0B00F01DAF /* Sources */,
				2F07523B1D2ADE0B00F01DAF /* Frameworks */,
				2F07523C1D2ADE0B00F01DAF /* Resources */,
			);
			buildRules = (
			);
			dependencies = (
			);
			name = Demo2;
			productName = Demo2;
			productReference = 2F07523E1D2ADE0B00F01DAF /* Demo2.app */;
			productType = "com.apple.product-type.application";
		};
/* End PBXNativeTarget section */

/* Begin PBXProject section */
		2F0752361D2ADE0B00F01DAF /* Project object */ = {
			isa = PBXProject;
			attributes = {
				LastUpgradeCheck = 0800;
				ORGANIZATIONNAME = OSX;
				TargetAttributes = {
					2F07523D1D2ADE0B00F01DAF = {
						CreatedOnToolsVersion = 8.0;
						DevelopmentTeam = HV5LXWS286;
						DevelopmentTeamName = "Priyanshu Bhatnagar (Personal Team)";
						ProvisioningStyle = Automatic;
					};
				};
			};
			buildConfigurationList = 2F0752391D2ADE0B00F01DAF /* Build configuration list for PBXProject "Demo2" */;
			compatibilityVersion = "Xcode 3.2";
			developmentRegion = English;
			hasScannedForEncodings = 0;
			knownRegions = (
				en,
				Base,
			);
			mainGroup = 2F0752351D2ADE0B00F01DAF;
			productRefGroup = 2F07523F1D2ADE0B00F01DAF /* Products */;
			projectDirPath = "";
			projectRoot = "";
			targets = (
				2F07523D1D2ADE0B00F01DAF /* Demo2 */,
			);
		};
/* End PBXProject section */

/* Begin PBXResourcesBuildPhase section */
		2F07523C1D2ADE0B00F01DAF /* Resources */ = {
			isa = PBXResourcesBuildPhase;
			buildActionMask = 2147483647;
			files = (
				2F0752511D2ADE0B00F01DAF /* LaunchScreen.storyboard in Resources */,
				2F07524E1D2ADE0B00F01DAF /* Assets.xcassets in Resources */,
				2F07524C1D2ADE0B00F01DAF /* Main.storyboard in Resources */,
			);
			runOnlyForDeploymentPostprocessing = 0;
		};
/* End PBXResourcesBuildPhase section */

/* Begin PBXSourcesBuildPhase section */
		2F07523A1D2ADE0B00F01DAF /* Sources */ = {
			isa = PBXSourcesBuildPhase;
			buildActionMask = 2147483647;
			files = (
				2F0752491D2ADE0B00F01DAF /* ViewController.m in Sources */,
				2F0752461D2ADE0B00F01DAF /* AppDelegate.m in Sources */,
				2F0752431D2ADE0B00F01DAF /* main.m in Sources */,
			);
			runOnlyForDeploymentPostprocessing = 0;
		};
/* End PBXSourcesBuildPhase section */

/* Begin PBXVariantGroup section */
		2F07524A1D2ADE0B00F01DAF /* Main.storyboard */ = {
			isa = PBXVariantGroup;
			children = (
				2F07524B1D2ADE0B00F01DAF /* Base */,
			);
			name = Main.storyboard;
			sourceTree = "<group>";
		};
		2F07524F1D2ADE0B00F01DAF /* LaunchScreen.storyboard */ = {
			isa = PBXVariantGroup;
			children = (
				2F0752501D2ADE0B00F01DAF /* Base */,
			);
			name = LaunchScreen.storyboard;
			sourceTree = "<group>";
		};
/* End PBXVariantGroup section */

/* Begin XCBuildConfiguration section */
		2F0752531D2ADE0B00F01DAF /* Debug */ = {
			isa = XCBuildConfiguration;
			buildSettings = {
				ALWAYS_SEARCH_USER_PATHS = NO;
				CLANG_ANALYZER_NONNULL = YES;
				CLANG_CXX_LANGUAGE_STANDARD = "gnu++0x";
				CLANG_CXX_LIBRARY = "libc++";
				CLANG_ENABLE_MODULES = YES;
				CLANG_ENABLE_OBJC_ARC = YES;
				CLANG_WARN_BOOL_CONVERSION = YES;
				CLANG_WARN_CONSTANT_CONVERSION = YES;
				CLANG_WARN_DIRECT_OBJC_ISA_USAGE = YES_ERROR;
				CLANG_WARN_DOCUMENTATION_COMMENTS = YES;
				CLANG_WARN_EMPTY_BODY = YES;
				CLANG_WARN_ENUM_CONVERSION = YES;
				CLANG_WARN_INT_CONVERSION = YES;
				CLANG_WARN_OBJC_ROOT_CLASS = YES_ERROR;
				CLANG_WARN_UNREACHABLE_CODE = YES;
				CLANG_WARN__DUPLICATE_METHOD_MATCH = YES;
				"CODE_SIGN_IDENTITY[sdk=iphoneos*]" = "iPhone Developer";
				COPY_PHASE_STRIP = NO;
				DEBUG_INFORMATION_FORMAT = dwarf;
				ENABLE_STRICT_OBJC_MSGSEND = YES;
				ENABLE_TESTABILITY = YES;
				GCC_C_LANGUAGE_STANDARD = gnu99;
				GCC_DYNAMIC_NO_PIC = NO;
				GCC_NO_COMMON_BLOCKS = YES;
				GCC_OPTIMIZATION_LEVEL = 0;
				GCC_PREPROCESSOR_DEFINITIONS = (
					"DEBUG=1",
					"$(inherited)",
				);
				GCC_WARN_64_TO_32_BIT_CONVERSION = YES;
				GCC_WARN_ABOUT_RETURN_TYPE = YES_ERROR;
				GCC_WARN_UNDECLARED_SELECTOR = YES;
				GCC_WARN_UNINITIALIZED_AUTOS = YES_AGGRESSIVE;
				GCC_WARN_UNUSED_FUNCTION = YES;
				GCC_WARN_UNUSED_VARIABLE = YES;
				IPHONEOS_DEPLOYMENT_TARGET = 10.0;
				MTL_ENABLE_DEBUG_INFO = YES;
				ONLY_ACTIVE_ARCH = YES;
				SDKROOT = iphoneos;
				TARGETED_DEVICE_FAMILY = "1,2";
			};
			name = Debug;
		};
		2F0752541D2ADE0B00F01DAF /* Release */ = {
			isa = XCBuildConfiguration;
			buildSettings = {
				ALWAYS_SEARCH_USER_PATHS = NO;
				CLANG_ANALYZER_NONNULL = YES;
				CLANG_CXX_LANGUAGE_STANDARD = "gnu++0x";
				CLANG_CXX_LIBRARY = "libc++";
				CLANG_ENABLE_MODULES = YES;
				CLANG_ENABLE_OBJC_ARC = YES;
				CLANG_WARN_BOOL_CONVERSION = YES;
				CLANG_WARN_CONSTANT_CONVERSION = YES;
				CLANG_WARN_DIRECT_OBJC_ISA_USAGE = YES_ERROR;
				CLANG_WARN_DOCUMENTATION_COMMENTS = YES;
				CLANG_WARN_EMPTY_BODY = YES;
				CLANG_WARN_ENUM_CONVERSION = YES;
				CLANG_WARN_INT_CONVERSION = YES;
				CLANG_WARN_OBJC_ROOT_CLASS = YES_ERROR;
				CLANG_WARN_UNREACHABLE_CODE = YES;
				CLANG_WARN__DUPLICATE_METHOD_MATCH = YES;
				"CODE_SIGN_IDENTITY[sdk=iphoneos*]" = "iPhone Developer";
				COPY_PHASE_STRIP = NO;
				DEBUG_INFORMATION_FORMAT = "dwarf-with-dsym";
				ENABLE_NS_ASSERTIONS = NO;
				ENABLE_STRICT_OBJC_MSGSEND = YES;
				GCC_C_LANGUAGE_STANDARD = gnu99;
				GCC_NO_COMMON_BLOCKS = YES;
				GCC_WARN_64_TO_32_BIT_CONVERSION = YES;
				GCC_WARN_ABOUT_RETURN_TYPE = YES_ERROR;
				GCC_WARN_UNDECLARED_SELECTOR = YES;
				GCC_WARN_UNINITIALIZED_AUTOS = YES_AGGRESSIVE;
				GCC_WARN_UNUSED_FUNCTION = YES;
				GCC_WARN_UNUSED_VARIABLE = YES;
				IPHONEOS_DEPLOYMENT_TARGET = 10.0;
				MTL_ENABLE_DEBUG_INFO = NO;
				SDKROOT = iphoneos;
				TARGETED_DEVICE_FAMILY = "1,2";
				VALIDATE_PRODUCT = YES;
			};
			name = Release;
		};
		2F0752561D2ADE0B00F01DAF /* Debug */ = {
			isa = XCBuildConfiguration;
			buildSettings = {
				ASSETCATALOG_COMPILER_APPICON_NAME = AppIcon;
				INFOPLIST_FILE = Demo2/Info.plist;
				LD_RUNPATH_SEARCH_PATHS = "$(inherited) @executable_path/Frameworks";
				PRODUCT_BUNDLE_IDENTIFIER = com.priyanshubhatnagar.Demo2;
				PRODUCT_NAME = "$(TARGET_NAME)";
			};
			name = Debug;
		};
		2F0752571D2ADE0B00F01DAF /* Release */ = {
			isa = XCBuildConfiguration;
			buildSettings = {
				ASSETCATALOG_COMPILER_APPICON_NAME = AppIcon;
				INFOPLIST_FILE = Demo2/Info.plist;
				LD_RUNPATH_SEARCH_PATHS = "$(inherited) @executable_path/Frameworks";
				PRODUCT_BUNDLE_IDENTIFIER = com.priyanshubhatnagar.Demo2;
				PRODUCT_NAME = "$(TARGET_NAME)";
			};
			name = Release;
		};
/* End XCBuildConfiguration section */

/* Begin XCConfigurationList section */
		2F0752391D2ADE0B00F01DAF /* Build configuration list for PBXProject "Demo2" */ = {
			isa = XCConfigurationList;
			buildConfigurations = (
				2F0752531D2ADE0B00F01DAF /* Debug */,
				2F0752541D2ADE0B00F01DAF /* Release */,
			);
			defaultConfigurationIsVisible = 0;
			defaultConfigurationName = Release;
		};
		2F0752551D2ADE0B00F01DAF /* Build configuration list for PBXNativeTarget "Demo2" */ = {
			isa = XCConfigurationList;
			buildConfigurations = (
				2F0752561D2ADE0B00F01DAF /* Debug */,
				2F0752571D2ADE0B00F01DAF /* Release */,
			);
			defaultConfigurationIsVisible = 0;
		};
/* End XCConfigurationList section */
	};
	rootObject = 2F0752361D2ADE0B00F01DAF /* Project object */;
}
